// !$*UTF8*$!
{
	archiveVersion = 1;
	classes = {
	};
	objectVersion = 46;
	objects = {

/* Begin PBXBuildFile section */
		170E37EC1CECFA630076FEF4 /* BasketBall.swift in Sources */ = {isa = PBXBuildFile; fileRef = 170E37EB1CECFA630076FEF4 /* BasketBall.swift */; };
		170E37F11CECFCEB0076FEF4 /* Row.sks in Resources */ = {isa = PBXBuildFile; fileRef = 170E37F01CECFCEB0076FEF4 /* Row.sks */; };
		170E37F31CECFE530076FEF4 /* Row.swift in Sources */ = {isa = PBXBuildFile; fileRef = 170E37F21CECFE530076FEF4 /* Row.swift */; };
		170E37F71CEE45E90076FEF4 /* Coin.swift in Sources */ = {isa = PBXBuildFile; fileRef = 170E37F61CEE45E90076FEF4 /* Coin.swift */; };
		1725B7DD1CE91C0E0066EA13 /* Pedal.swift in Sources */ = {isa = PBXBuildFile; fileRef = 1725B7DC1CE91C0E0066EA13 /* Pedal.swift */; };
		1758D7751CE7B56400EC84A1 /* AppDelegate.swift in Sources */ = {isa = PBXBuildFile; fileRef = 1758D7741CE7B56400EC84A1 /* AppDelegate.swift */; };
		1758D7771CE7B56400EC84A1 /* GameScene.sks in Resources */ = {isa = PBXBuildFile; fileRef = 1758D7761CE7B56400EC84A1 /* GameScene.sks */; };
		1758D7791CE7B56400EC84A1 /* GameScene.swift in Sources */ = {isa = PBXBuildFile; fileRef = 1758D7781CE7B56400EC84A1 /* GameScene.swift */; };
		1758D77B1CE7B56400EC84A1 /* GameViewController.swift in Sources */ = {isa = PBXBuildFile; fileRef = 1758D77A1CE7B56400EC84A1 /* GameViewController.swift */; };
		1758D77E1CE7B56400EC84A1 /* Main.storyboard in Resources */ = {isa = PBXBuildFile; fileRef = 1758D77C1CE7B56400EC84A1 /* Main.storyboard */; };
		1758D7801CE7B56400EC84A1 /* Assets.xcassets in Resources */ = {isa = PBXBuildFile; fileRef = 1758D77F1CE7B56400EC84A1 /* Assets.xcassets */; };
		1758D7831CE7B56400EC84A1 /* LaunchScreen.storyboard in Resources */ = {isa = PBXBuildFile; fileRef = 1758D7811CE7B56400EC84A1 /* LaunchScreen.storyboard */; };
		1758D78B1CE7BD4E00EC84A1 /* Pedal.sks in Resources */ = {isa = PBXBuildFile; fileRef = 1758D78A1CE7BD4E00EC84A1 /* Pedal.sks */; };
		177444121D298AFC0084EB5D /* BasketBomb.atlas in Resources */ = {isa = PBXBuildFile; fileRef = 177444111D298AFC0084EB5D /* BasketBomb.atlas */; };
		177444141D298B920084EB5D /* Background.sks in Resources */ = {isa = PBXBuildFile; fileRef = 177444131D298B920084EB5D /* Background.sks */; };
		17803BB61D2D6D1C002AA32A /* Backgrounds.atlas in Resources */ = {isa = PBXBuildFile; fileRef = 17803BB51D2D6D1C002AA32A /* Backgrounds.atlas */; };
		17803BB81D2D869E002AA32A /* UI.atlas in Resources */ = {isa = PBXBuildFile; fileRef = 17803BB71D2D869E002AA32A /* UI.atlas */; };
		17AD1FA91D2C56C40067E61C /* Bomb.swift in Sources */ = {isa = PBXBuildFile; fileRef = 17AD1FA81D2C56C40067E61C /* Bomb.swift */; };
		17C01D251D21BEFE00BC0366 /* ConveyerDelegate.swift in Sources */ = {isa = PBXBuildFile; fileRef = 17C01D241D21BEFE00BC0366 /* ConveyerDelegate.swift */; };
		17E213DF1D08BEE3008CCF8B /* constants.swift in Sources */ = {isa = PBXBuildFile; fileRef = 17E213DE1D08BEE3008CCF8B /* constants.swift */; };
		17E894421CEA5D6200FC108F /* DynamicType.swift in Sources */ = {isa = PBXBuildFile; fileRef = 17E894411CEA5D6200FC108F /* DynamicType.swift */; };
		17E894441CEA636800FC108F /* GeneratorType.swift in Sources */ = {isa = PBXBuildFile; fileRef = 17E894431CEA636800FC108F /* GeneratorType.swift */; };
/* End PBXBuildFile section */

/* Begin PBXFileReference section */
		170E37EB1CECFA630076FEF4 /* BasketBall.swift */ = {isa = PBXFileReference; fileEncoding = 4; lastKnownFileType = sourcecode.swift; path = BasketBall.swift; sourceTree = "<group>"; };
		170E37F01CECFCEB0076FEF4 /* Row.sks */ = {isa = PBXFileReference; lastKnownFileType = file.sks; path = Row.sks; sourceTree = "<group>"; };
		170E37F21CECFE530076FEF4 /* Row.swift */ = {isa = PBXFileReference; fileEncoding = 4; lastKnownFileType = sourcecode.swift; path = Row.swift; sourceTree = "<group>"; };
		170E37F61CEE45E90076FEF4 /* Coin.swift */ = {isa = PBXFileReference; fileEncoding = 4; lastKnownFileType = sourcecode.swift; name = Coin.swift; path = ../Protocol/Coin.swift; sourceTree = "<group>"; };
		1725B7DC1CE91C0E0066EA13 /* Pedal.swift */ = {isa = PBXFileReference; fileEncoding = 4; lastKnownFileType = sourcecode.swift; path = Pedal.swift; sourceTree = "<group>"; };
		1758D7711CE7B56400EC84A1 /* GG.app */ = {isa = PBXFileReference; explicitFileType = wrapper.application; includeInIndex = 0; path = GG.app; sourceTree = BUILT_PRODUCTS_DIR; };
		1758D7741CE7B56400EC84A1 /* AppDelegate.swift */ = {isa = PBXFileReference; lastKnownFileType = sourcecode.swift; path = AppDelegate.swift; sourceTree = "<group>"; };
		1758D7761CE7B56400EC84A1 /* GameScene.sks */ = {isa = PBXFileReference; lastKnownFileType = file.sks; path = GameScene.sks; sourceTree = "<group>"; };
		1758D7781CE7B56400EC84A1 /* GameScene.swift */ = {isa = PBXFileReference; lastKnownFileType = sourcecode.swift; path = GameScene.swift; sourceTree = "<group>"; };
		1758D77A1CE7B56400EC84A1 /* GameViewController.swift */ = {isa = PBXFileReference; lastKnownFileType = sourcecode.swift; path = GameViewController.swift; sourceTree = "<group>"; };
		1758D77D1CE7B56400EC84A1 /* Base */ = {isa = PBXFileReference; lastKnownFileType = file.storyboard; name = Base; path = Base.lproj/Main.storyboard; sourceTree = "<group>"; };
		1758D77F1CE7B56400EC84A1 /* Assets.xcassets */ = {isa = PBXFileReference; lastKnownFileType = folder.assetcatalog; path = Assets.xcassets; sourceTree = "<group>"; };
		1758D7821CE7B56400EC84A1 /* Base */ = {isa = PBXFileReference; lastKnownFileType = file.storyboard; name = Base; path = Base.lproj/LaunchScreen.storyboard; sourceTree = "<group>"; };
		1758D7841CE7B56400EC84A1 /* Info.plist */ = {isa = PBXFileReference; lastKnownFileType = text.plist.xml; path = Info.plist; sourceTree = "<group>"; };
		1758D78A1CE7BD4E00EC84A1 /* Pedal.sks */ = {isa = PBXFileReference; lastKnownFileType = file.sks; path = Pedal.sks; sourceTree = "<group>"; };
		177444111D298AFC0084EB5D /* BasketBomb.atlas */ = {isa = PBXFileReference; lastKnownFileType = folder.skatlas; path = BasketBomb.atlas; sourceTree = "<group>"; };
		177444131D298B920084EB5D /* Background.sks */ = {isa = PBXFileReference; lastKnownFileType = file.sks; path = Background.sks; sourceTree = "<group>"; };
		17803BB51D2D6D1C002AA32A /* Backgrounds.atlas */ = {isa = PBXFileReference; lastKnownFileType = folder.skatlas; path = Backgrounds.atlas; sourceTree = "<group>"; };
		17803BB71D2D869E002AA32A /* UI.atlas */ = {isa = PBXFileReference; lastKnownFileType = folder.skatlas; path = UI.atlas; sourceTree = "<group>"; };
		17AD1FA81D2C56C40067E61C /* Bomb.swift */ = {isa = PBXFileReference; fileEncoding = 4; lastKnownFileType = sourcecode.swift; path = Bomb.swift; sourceTree = "<group>"; };
		17C01D241D21BEFE00BC0366 /* ConveyerDelegate.swift */ = {isa = PBXFileReference; fileEncoding = 4; lastKnownFileType = sourcecode.swift; path = ConveyerDelegate.swift; sourceTree = "<group>"; };
		17E213DE1D08BEE3008CCF8B /* constants.swift */ = {isa = PBXFileReference; fileEncoding = 4; lastKnownFileType = sourcecode.swift; path = constants.swift; sourceTree = "<group>"; };
		17E894411CEA5D6200FC108F /* DynamicType.swift */ = {isa = PBXFileReference; fileEncoding = 4; lastKnownFileType = sourcecode.swift; path = DynamicType.swift; sourceTree = "<group>"; };
		17E894431CEA636800FC108F /* GeneratorType.swift */ = {isa = PBXFileReference; fileEncoding = 4; lastKnownFileType = sourcecode.swift; path = GeneratorType.swift; sourceTree = "<group>"; };
/* End PBXFileReference section */

/* Begin PBXFrameworksBuildPhase section */
		1758D76E1CE7B56400EC84A1 /* Frameworks */ = {
			isa = PBXFrameworksBuildPhase;
			buildActionMask = 2147483647;
			files = (
			);
			runOnlyForDeploymentPostprocessing = 0;
		};
/* End PBXFrameworksBuildPhase section */

/* Begin PBXGroup section */
		170E37EA1CECFA430076FEF4 /* Coin */ = {
			isa = PBXGroup;
			children = (
				170E37F61CEE45E90076FEF4 /* Coin.swift */,
				170E37EB1CECFA630076FEF4 /* BasketBall.swift */,
				17AD1FA81D2C56C40067E61C /* Bomb.swift */,
			);
			path = Coin;
			sourceTree = "<group>";
		};
		170E37EF1CECFCE30076FEF4 /* Row */ = {
			isa = PBXGroup;
			children = (
				170E37F01CECFCEB0076FEF4 /* Row.sks */,
				170E37F21CECFE530076FEF4 /* Row.swift */,
			);
			path = Row;
			sourceTree = "<group>";
		};
		1725B7DB1CE91BFA0066EA13 /* Pedal */ = {
			isa = PBXGroup;
			children = (
				1758D78A1CE7BD4E00EC84A1 /* Pedal.sks */,
				1725B7DC1CE91C0E0066EA13 /* Pedal.swift */,
			);
			path = Pedal;
			sourceTree = "<group>";
		};
		1758D7681CE7B56400EC84A1 = {
			isa = PBXGroup;
			children = (
				1758D7731CE7B56400EC84A1 /* GG */,
				1758D7721CE7B56400EC84A1 /* Products */,
			);
			sourceTree = "<group>";
		};
		1758D7721CE7B56400EC84A1 /* Products */ = {
			isa = PBXGroup;
			children = (
				1758D7711CE7B56400EC84A1 /* GG.app */,
			);
			name = Products;
			sourceTree = "<group>";
		};
		1758D7731CE7B56400EC84A1 /* GG */ = {
			isa = PBXGroup;
			children = (
				1758D7761CE7B56400EC84A1 /* GameScene.sks */,
				1758D7781CE7B56400EC84A1 /* GameScene.swift */,
				1758D77A1CE7B56400EC84A1 /* GameViewController.swift */,
				177444131D298B920084EB5D /* Background.sks */,
				170E37EA1CECFA430076FEF4 /* Coin */,
				1725B7DB1CE91BFA0066EA13 /* Pedal */,
				17E894401CEA5D5800FC108F /* Protocol */,
				170E37EF1CECFCE30076FEF4 /* Row */,
				1758D7741CE7B56400EC84A1 /* AppDelegate.swift */,
				1758D77F1CE7B56400EC84A1 /* Assets.xcassets */,
				17803BB71D2D869E002AA32A /* UI.atlas */,
				17803BB51D2D6D1C002AA32A /* Backgrounds.atlas */,
				177444111D298AFC0084EB5D /* BasketBomb.atlas */,
				1758D7841CE7B56400EC84A1 /* Info.plist */,
				1758D7811CE7B56400EC84A1 /* LaunchScreen.storyboard */,
				1758D77C1CE7B56400EC84A1 /* Main.storyboard */,
				17E213DE1D08BEE3008CCF8B /* constants.swift */,
			);
			path = GG;
			sourceTree = "<group>";
		};
		17E894401CEA5D5800FC108F /* Protocol */ = {
			isa = PBXGroup;
			children = (
				17C01D241D21BEFE00BC0366 /* ConveyerDelegate.swift */,
				17E894411CEA5D6200FC108F /* DynamicType.swift */,
				17E894431CEA636800FC108F /* GeneratorType.swift */,
			);
			path = Protocol;
			sourceTree = "<group>";
		};
/* End PBXGroup section */

/* Begin PBXNativeTarget section */
		1758D7701CE7B56400EC84A1 /* GG */ = {
			isa = PBXNativeTarget;
			buildConfigurationList = 1758D7871CE7B56400EC84A1 /* Build configuration list for PBXNativeTarget "GG" */;
			buildPhases = (
				1758D76D1CE7B56400EC84A1 /* Sources */,
				1758D76E1CE7B56400EC84A1 /* Frameworks */,
				1758D76F1CE7B56400EC84A1 /* Resources */,
			);
			buildRules = (
			);
			dependencies = (
			);
			name = GG;
			productName = GG;
			productReference = 1758D7711CE7B56400EC84A1 /* GG.app */;
			productType = "com.apple.product-type.application";
		};
/* End PBXNativeTarget section */

/* Begin PBXProject section */
		1758D7691CE7B56400EC84A1 /* Project object */ = {
			isa = PBXProject;
			attributes = {
				LastSwiftUpdateCheck = 0730;
				LastUpgradeCheck = 0730;
				ORGANIZATIONNAME = "Kyle Davidson";
				TargetAttributes = {
					1758D7701CE7B56400EC84A1 = {
						CreatedOnToolsVersion = 7.3;
					};
				};
			};
			buildConfigurationList = 1758D76C1CE7B56400EC84A1 /* Build configuration list for PBXProject "GG" */;
			compatibilityVersion = "Xcode 3.2";
			developmentRegion = English;
			hasScannedForEncodings = 0;
			knownRegions = (
				en,
				Base,
			);
			mainGroup = 1758D7681CE7B56400EC84A1;
			productRefGroup = 1758D7721CE7B56400EC84A1 /* Products */;
			projectDirPath = "";
			projectRoot = "";
			targets = (
				1758D7701CE7B56400EC84A1 /* GG */,
			);
		};
/* End PBXProject section */

/* Begin PBXResourcesBuildPhase section */
		1758D76F1CE7B56400EC84A1 /* Resources */ = {
			isa = PBXResourcesBuildPhase;
			buildActionMask = 2147483647;
			files = (
				1758D7771CE7B56400EC84A1 /* GameScene.sks in Resources */,
				1758D7831CE7B56400EC84A1 /* LaunchScreen.storyboard in Resources */,
				1758D7801CE7B56400EC84A1 /* Assets.xcassets in Resources */,
				1758D77E1CE7B56400EC84A1 /* Main.storyboard in Resources */,
				177444121D298AFC0084EB5D /* BasketBomb.atlas in Resources */,
				177444141D298B920084EB5D /* Background.sks in Resources */,
				1758D78B1CE7BD4E00EC84A1 /* Pedal.sks in Resources */,
				17803BB81D2D869E002AA32A /* UI.atlas in Resources */,
				17803BB61D2D6D1C002AA32A /* Backgrounds.atlas in Resources */,
				170E37F11CECFCEB0076FEF4 /* Row.sks in Resources */,
			);
			runOnlyForDeploymentPostprocessing = 0;
		};
/* End PBXResourcesBuildPhase section */

/* Begin PBXSourcesBuildPhase section */
		1758D76D1CE7B56400EC84A1 /* Sources */ = {
			isa = PBXSourcesBuildPhase;
			buildActionMask = 2147483647;
			files = (
				1725B7DD1CE91C0E0066EA13 /* Pedal.swift in Sources */,
				1758D7791CE7B56400EC84A1 /* GameScene.swift in Sources */,
				17E894421CEA5D6200FC108F /* DynamicType.swift in Sources */,
				17E213DF1D08BEE3008CCF8B /* constants.swift in Sources */,
				170E37F71CEE45E90076FEF4 /* Coin.swift in Sources */,
				17AD1FA91D2C56C40067E61C /* Bomb.swift in Sources */,
				17C01D251D21BEFE00BC0366 /* ConveyerDelegate.swift in Sources */,
				1758D77B1CE7B56400EC84A1 /* GameViewController.swift in Sources */,
				170E37F31CECFE530076FEF4 /* Row.swift in Sources */,
				1758D7751CE7B56400EC84A1 /* AppDelegate.swift in Sources */,
				17E894441CEA636800FC108F /* GeneratorType.swift in Sources */,
				170E37EC1CECFA630076FEF4 /* BasketBall.swift in Sources */,
			);
			runOnlyForDeploymentPostprocessing = 0;
		};
/* End PBXSourcesBuildPhase section */

/* Begin PBXVariantGroup section */
		1758D77C1CE7B56400EC84A1 /* Main.storyboard */ = {
			isa = PBXVariantGroup;
			children = (
				1758D77D1CE7B56400EC84A1 /* Base */,
			);
			name = Main.storyboard;
			path = .;
			sourceTree = "<group>";
		};
		1758D7811CE7B56400EC84A1 /* LaunchScreen.storyboard */ = {
			isa = PBXVariantGroup;
			children = (
				1758D7821CE7B56400EC84A1 /* Base */,
			);
			name = LaunchScreen.storyboard;
			path = .;
			sourceTree = "<group>";
		};
/* End PBXVariantGroup section */

/* Begin XCBuildConfiguration section */
		1758D7851CE7B56400EC84A1 /* Debug */ = {
			isa = XCBuildConfiguration;
			buildSettings = {
				ALWAYS_SEARCH_USER_PATHS = NO;
				CLANG_ANALYZER_NONNULL = YES;
				CLANG_CXX_LANGUAGE_STANDARD = "gnu++0x";
				CLANG_CXX_LIBRARY = "libc++";
				CLANG_ENABLE_MODULES = YES;
				CLANG_ENABLE_OBJC_ARC = YES;
				CLANG_WARN_BOOL_CONVERSION = YES;
				CLANG_WARN_CONSTANT_CONVERSION = YES;
				CLANG_WARN_DIRECT_OBJC_ISA_USAGE = YES_ERROR;
				CLANG_WARN_EMPTY_BODY = YES;
				CLANG_WARN_ENUM_CONVERSION = YES;
				CLANG_WARN_INT_CONVERSION = YES;
				CLANG_WARN_OBJC_ROOT_CLASS = YES_ERROR;
				CLANG_WARN_UNREACHABLE_CODE = YES;
				CLANG_WARN__DUPLICATE_METHOD_MATCH = YES;
				"CODE_SIGN_IDENTITY[sdk=iphoneos*]" = "iPhone Developer";
				COPY_PHASE_STRIP = NO;
				DEBUG_INFORMATION_FORMAT = "dwarf-with-dsym";
				ENABLE_STRICT_OBJC_MSGSEND = YES;
				ENABLE_TESTABILITY = YES;
				GCC_C_LANGUAGE_STANDARD = gnu99;
				GCC_DYNAMIC_NO_PIC = NO;
				GCC_NO_COMMON_BLOCKS = YES;
				GCC_OPTIMIZATION_LEVEL = 0;
				GCC_PREPROCESSOR_DEFINITIONS = (
					"DEBUG=1",
					"$(inherited)",
				);
				GCC_WARN_64_TO_32_BIT_CONVERSION = YES;
				GCC_WARN_ABOUT_RETURN_TYPE = YES_ERROR;
				GCC_WARN_UNDECLARED_SELECTOR = YES;
				GCC_WARN_UNINITIALIZED_AUTOS = YES_AGGRESSIVE;
				GCC_WARN_UNUSED_FUNCTION = YES;
				GCC_WARN_UNUSED_VARIABLE = YES;
				IPHONEOS_DEPLOYMENT_TARGET = 9.3;
				MTL_ENABLE_DEBUG_INFO = YES;
				ONLY_ACTIVE_ARCH = YES;
				SDKROOT = iphoneos;
				SWIFT_OPTIMIZATION_LEVEL = "-Onone";
				TARGETED_DEVICE_FAMILY = "1,2";
			};
			name = Debug;
		};
		1758D7861CE7B56400EC84A1 /* Release */ = {
			isa = XCBuildConfiguration;
			buildSettings = {
				ALWAYS_SEARCH_USER_PATHS = NO;
				CLANG_ANALYZER_NONNULL = YES;
				CLANG_CXX_LANGUAGE_STANDARD = "gnu++0x";
				CLANG_CXX_LIBRARY = "libc++";
				CLANG_ENABLE_MODULES = YES;
				CLANG_ENABLE_OBJC_ARC = YES;
				CLANG_WARN_BOOL_CONVERSION = YES;
				CLANG_WARN_CONSTANT_CONVERSION = YES;
				CLANG_WARN_DIRECT_OBJC_ISA_USAGE = YES_ERROR;
				CLANG_WARN_EMPTY_BODY = YES;
				CLANG_WARN_ENUM_CONVERSION = YES;
				CLANG_WARN_INT_CONVERSION = YES;
				CLANG_WARN_OBJC_ROOT_CLASS = YES_ERROR;
				CLANG_WARN_UNREACHABLE_CODE = YES;
				CLANG_WARN__DUPLICATE_METHOD_MATCH = YES;
				"CODE_SIGN_IDENTITY[sdk=iphoneos*]" = "iPhone Developer";
				COPY_PHASE_STRIP = NO;
				DEBUG_INFORMATION_FORMAT = "dwarf-with-dsym";
				ENABLE_NS_ASSERTIONS = NO;
				ENABLE_STRICT_OBJC_MSGSEND = YES;
				GCC_C_LANGUAGE_STANDARD = gnu99;
				GCC_NO_COMMON_BLOCKS = YES;
				GCC_WARN_64_TO_32_BIT_CONVERSION = YES;
				GCC_WARN_ABOUT_RETURN_TYPE = YES_ERROR;
				GCC_WARN_UNDECLARED_SELECTOR = YES;
				GCC_WARN_UNINITIALIZED_AUTOS = YES_AGGRESSIVE;
				GCC_WARN_UNUSED_FUNCTION = YES;
				GCC_WARN_UNUSED_VARIABLE = YES;
				IPHONEOS_DEPLOYMENT_TARGET = 9.3;
				MTL_ENABLE_DEBUG_INFO = NO;
				SDKROOT = iphoneos;
				TARGETED_DEVICE_FAMILY = "1,2";
				VALIDATE_PRODUCT = YES;
			};
			name = Release;
		};
		1758D7881CE7B56400EC84A1 /* Debug */ = {
			isa = XCBuildConfiguration;
			buildSettings = {
				ASSETCATALOG_COMPILER_APPICON_NAME = AppIcon;
				INFOPLIST_FILE = GG/Info.plist;
				LD_RUNPATH_SEARCH_PATHS = "$(inherited) @executable_path/Frameworks";
				PRODUCT_BUNDLE_IDENTIFIER = com.BrickSquad.GG;
				PRODUCT_NAME = "$(TARGET_NAME)";
			};
			name = Debug;
		};
		1758D7891CE7B56400EC84A1 /* Release */ = {
			isa = XCBuildConfiguration;
			buildSettings = {
				ASSETCATALOG_COMPILER_APPICON_NAME = AppIcon;
				INFOPLIST_FILE = GG/Info.plist;
				LD_RUNPATH_SEARCH_PATHS = "$(inherited) @executable_path/Frameworks";
				PRODUCT_BUNDLE_IDENTIFIER = com.BrickSquad.GG;
				PRODUCT_NAME = "$(TARGET_NAME)";
			};
			name = Release;
		};
/* End XCBuildConfiguration section */

/* Begin XCConfigurationList section */
		1758D76C1CE7B56400EC84A1 /* Build configuration list for PBXProject "GG" */ = {
			isa = XCConfigurationList;
			buildConfigurations = (
				1758D7851CE7B56400EC84A1 /* Debug */,
				1758D7861CE7B56400EC84A1 /* Release */,
			);
			defaultConfigurationIsVisible = 0;
			defaultConfigurationName = Release;
		};
		1758D7871CE7B56400EC84A1 /* Build configuration list for PBXNativeTarget "GG" */ = {
			isa = XCConfigurationList;
			buildConfigurations = (
				1758D7881CE7B56400EC84A1 /* Debug */,
				1758D7891CE7B56400EC84A1 /* Release */,
			);
			defaultConfigurationIsVisible = 0;
			defaultConfigurationName = Release;
		};
/* End XCConfigurationList section */
	};
	rootObject = 1758D7691CE7B56400EC84A1 /* Project object */;
}
